
Microsoft Visual Studio Solution File, Format Version 12.00
# Visual Studio Version 17
VisualStudioVersion = 17.9.34714.143
MinimumVisualStudioVersion = 10.0.40219.1
Project("{FAE04EC0-301F-11D3-BF4B-00C04F79EFBC}") = "AI Cooking Guide Website", "AI Cooking Guide Website\AI Cooking Guide Website.csproj", "{10C6D1A7-5BA3-4A3E-A090-57692D5DC226}"
EndProject
Global
	GlobalSection(SolutionConfigurationPlatforms) = preSolution
		Debug|Any CPU = Debug|Any CPU
		Release|Any CPU = Release|Any CPU
	EndGlobalSection
	GlobalSection(ProjectConfigurationPlatforms) = postSolution
		{10C6D1A7-5BA3-4A3E-A090-57692D5DC226}.Debug|Any CPU.ActiveCfg = Debug|Any CPU
		{10C6D1A7-5BA3-4A3E-A090-57692D5DC226}.Debug|Any CPU.Build.0 = Debug|Any CPU
		{10C6D1A7-5BA3-4A3E-A090-57692D5DC226}.Release|Any CPU.ActiveCfg = Release|Any CPU
		{10C6D1A7-5BA3-4A3E-A090-57692D5DC226}.Release|Any CPU.Build.0 = Release|Any CPU
	EndGlobalSection
	GlobalSection(SolutionProperties) = preSolution
		HideSolutionNode = FALSE
	EndGlobalSection
	GlobalSection(ExtensibilityGlobals) = postSolution
		SolutionGuid = {15F8400B-D952-4E15-B52D-43654F0245DE}
	EndGlobalSection
EndGlobal
